// !$*UTF8*$!
{
	archiveVersion = 1;
	classes = {
	};
	objectVersion = 46;
	objects = {

/* Begin PBXBuildFile section */
		26150CAE1EAE1E1F00F2B5BF /* ooo.png in Resources */ = {isa = PBXBuildFile; fileRef = 26150CAD1EAE1E1F00F2B5BF /* ooo.png */; };
		26150CB01EAE29B500F2B5BF /* thumb.png in Resources */ = {isa = PBXBuildFile; fileRef = 26150CAF1EAE29B500F2B5BF /* thumb.png */; };
		26150CB21EAEE75E00F2B5BF /* DispatchQueue-Extension.swift in Sources */ = {isa = PBXBuildFile; fileRef = 26150CB11EAEE75E00F2B5BF /* DispatchQueue-Extension.swift */; };
		26150CB41EAF213600F2B5BF /* wqwe.png in Resources */ = {isa = PBXBuildFile; fileRef = 26150CB31EAF213600F2B5BF /* wqwe.png */; };
		26150CB61EAF221900F2B5BF /* zdx.png in Resources */ = {isa = PBXBuildFile; fileRef = 26150CB51EAF221900F2B5BF /* zdx.png */; };
		26150CB81EAF24EC00F2B5BF /* test.mp3 in Resources */ = {isa = PBXBuildFile; fileRef = 26150CB71EAF24EC00F2B5BF /* test.mp3 */; };
		2657FDC01EBA02F700B92648 /* SendAndReNew.swift in Sources */ = {isa = PBXBuildFile; fileRef = 2657FDBF1EBA02F700B92648 /* SendAndReNew.swift */; };
		26800E721EA8B9920048D8A7 /* AppDelegate.swift in Sources */ = {isa = PBXBuildFile; fileRef = 26800E711EA8B9920048D8A7 /* AppDelegate.swift */; };
		26800E741EA8B9920048D8A7 /* ViewController.swift in Sources */ = {isa = PBXBuildFile; fileRef = 26800E731EA8B9920048D8A7 /* ViewController.swift */; };
		26800E771EA8B9920048D8A7 /* Main.storyboard in Resources */ = {isa = PBXBuildFile; fileRef = 26800E751EA8B9920048D8A7 /* Main.storyboard */; };
		26800E791EA8B9920048D8A7 /* Assets.xcassets in Resources */ = {isa = PBXBuildFile; fileRef = 26800E781EA8B9920048D8A7 /* Assets.xcassets */; };
		26800E7C1EA8B9920048D8A7 /* LaunchScreen.storyboard in Resources */ = {isa = PBXBuildFile; fileRef = 26800E7A1EA8B9920048D8A7 /* LaunchScreen.storyboard */; };
		26800E871EA8B9920048D8A7 /* SwiftSocketDemoTests.swift in Sources */ = {isa = PBXBuildFile; fileRef = 26800E861EA8B9920048D8A7 /* SwiftSocketDemoTests.swift */; };
		26800E991EA8BC960048D8A7 /* SwiftSocket.framework in Frameworks */ = {isa = PBXBuildFile; fileRef = 26800E981EA8BC960048D8A7 /* SwiftSocket.framework */; };
		26800E9A1EA8BC960048D8A7 /* SwiftSocket.framework in Embed Frameworks */ = {isa = PBXBuildFile; fileRef = 26800E981EA8BC960048D8A7 /* SwiftSocket.framework */; settings = {ATTRIBUTES = (CodeSignOnCopy, RemoveHeadersOnCopy, ); }; };
		26EBDE001EBAF49200137E42 /* aaaa.png in Resources */ = {isa = PBXBuildFile; fileRef = 26EBDDFF1EBAF49200137E42 /* aaaa.png */; };
		26EBDE021EBAFCA900137E42 /* bbbb.png in Resources */ = {isa = PBXBuildFile; fileRef = 26EBDE011EBAFCA900137E42 /* bbbb.png */; };
		26EBDE041EBAFF9D00137E42 /* cccc.png in Resources */ = {isa = PBXBuildFile; fileRef = 26EBDE031EBAFF9D00137E42 /* cccc.png */; };
		26F41C061EB0B70F00F4A929 /* amrFileCodec.mm in Sources */ = {isa = PBXBuildFile; fileRef = 26F41BFA1EB0B70F00F4A929 /* amrFileCodec.mm */; };
		26F41C071EB0B70F00F4A929 /* libopencore-amrnb.a in Frameworks */ = {isa = PBXBuildFile; fileRef = 26F41BFC1EB0B70F00F4A929 /* libopencore-amrnb.a */; };
		26F41C081EB0B70F00F4A929 /* libopencore-amrwb.a in Frameworks */ = {isa = PBXBuildFile; fileRef = 26F41BFD1EB0B70F00F4A929 /* libopencore-amrwb.a */; };
		26F41C091EB0B70F00F4A929 /* VoiceConverter.mm in Sources */ = {isa = PBXBuildFile; fileRef = 26F41C051EB0B70F00F4A929 /* VoiceConverter.mm */; };
		26F41C0C1EB0B73000F4A929 /* WavConvert.m in Sources */ = {isa = PBXBuildFile; fileRef = 26F41C0B1EB0B73000F4A929 /* WavConvert.m */; };
		26F41C0E1EB0B76400F4A929 /* AvdioTool.swift in Sources */ = {isa = PBXBuildFile; fileRef = 26F41C0D1EB0B76400F4A929 /* AvdioTool.swift */; };
/* End PBXBuildFile section */

/* Begin PBXContainerItemProxy section */
		26800E831EA8B9920048D8A7 /* PBXContainerItemProxy */ = {
			isa = PBXContainerItemProxy;
			containerPortal = 26800E661EA8B9920048D8A7 /* Project object */;
			proxyType = 1;
			remoteGlobalIDString = 26800E6D1EA8B9920048D8A7;
			remoteInfo = SwiftSocketDemo;
		};
/* End PBXContainerItemProxy section */

/* Begin PBXCopyFilesBuildPhase section */
		26800E941EA8B9A50048D8A7 /* Embed Frameworks */ = {
			isa = PBXCopyFilesBuildPhase;
			buildActionMask = 2147483647;
			dstPath = "";
			dstSubfolderSpec = 10;
			files = (
				26800E9A1EA8BC960048D8A7 /* SwiftSocket.framework in Embed Frameworks */,
			);
			name = "Embed Frameworks";
			runOnlyForDeploymentPostprocessing = 0;
		};
/* End PBXCopyFilesBuildPhase section */

/* Begin PBXFileReference section */
		26150CAD1EAE1E1F00F2B5BF /* ooo.png */ = {isa = PBXFileReference; lastKnownFileType = image.png; path = ooo.png; sourceTree = "<group>"; };
		26150CAF1EAE29B500F2B5BF /* thumb.png */ = {isa = PBXFileReference; lastKnownFileType = image.png; path = thumb.png; sourceTree = "<group>"; };
		26150CB11EAEE75E00F2B5BF /* DispatchQueue-Extension.swift */ = {isa = PBXFileReference; fileEncoding = 4; lastKnownFileType = sourcecode.swift; path = "DispatchQueue-Extension.swift"; sourceTree = "<group>"; };
		26150CB31EAF213600F2B5BF /* wqwe.png */ = {isa = PBXFileReference; lastKnownFileType = image.png; path = wqwe.png; sourceTree = "<group>"; };
		26150CB51EAF221900F2B5BF /* zdx.png */ = {isa = PBXFileReference; lastKnownFileType = image.png; path = zdx.png; sourceTree = "<group>"; };
		26150CB71EAF24EC00F2B5BF /* test.mp3 */ = {isa = PBXFileReference; lastKnownFileType = audio.mp3; path = test.mp3; sourceTree = "<group>"; };
		2657FDBF1EBA02F700B92648 /* SendAndReNew.swift */ = {isa = PBXFileReference; fileEncoding = 4; lastKnownFileType = sourcecode.swift; path = SendAndReNew.swift; sourceTree = "<group>"; };
		26800E6E1EA8B9920048D8A7 /* SwiftSocketDemo.app */ = {isa = PBXFileReference; explicitFileType = wrapper.application; includeInIndex = 0; path = SwiftSocketDemo.app; sourceTree = BUILT_PRODUCTS_DIR; };
		26800E711EA8B9920048D8A7 /* AppDelegate.swift */ = {isa = PBXFileReference; lastKnownFileType = sourcecode.swift; path = AppDelegate.swift; sourceTree = "<group>"; };
		26800E731EA8B9920048D8A7 /* ViewController.swift */ = {isa = PBXFileReference; lastKnownFileType = sourcecode.swift; path = ViewController.swift; sourceTree = "<group>"; };
		26800E761EA8B9920048D8A7 /* Base */ = {isa = PBXFileReference; lastKnownFileType = file.storyboard; name = Base; path = Base.lproj/Main.storyboard; sourceTree = "<group>"; };
		26800E781EA8B9920048D8A7 /* Assets.xcassets */ = {isa = PBXFileReference; lastKnownFileType = folder.assetcatalog; path = Assets.xcassets; sourceTree = "<group>"; };
		26800E7B1EA8B9920048D8A7 /* Base */ = {isa = PBXFileReference; lastKnownFileType = file.storyboard; name = Base; path = Base.lproj/LaunchScreen.storyboard; sourceTree = "<group>"; };
		26800E7D1EA8B9920048D8A7 /* Info.plist */ = {isa = PBXFileReference; lastKnownFileType = text.plist.xml; path = Info.plist; sourceTree = "<group>"; };
		26800E821EA8B9920048D8A7 /* SwiftSocketDemoTests.xctest */ = {isa = PBXFileReference; explicitFileType = wrapper.cfbundle; includeInIndex = 0; path = SwiftSocketDemoTests.xctest; sourceTree = BUILT_PRODUCTS_DIR; };
		26800E861EA8B9920048D8A7 /* SwiftSocketDemoTests.swift */ = {isa = PBXFileReference; lastKnownFileType = sourcecode.swift; path = SwiftSocketDemoTests.swift; sourceTree = "<group>"; };
		26800E881EA8B9920048D8A7 /* Info.plist */ = {isa = PBXFileReference; lastKnownFileType = text.plist.xml; path = Info.plist; sourceTree = "<group>"; };
		26800E981EA8BC960048D8A7 /* SwiftSocket.framework */ = {isa = PBXFileReference; lastKnownFileType = wrapper.framework; path = SwiftSocket.framework; sourceTree = "<group>"; };
		26EBDDFE1EBAD28200137E42 /* MyPlayground.playground */ = {isa = PBXFileReference; lastKnownFileType = file.playground; path = MyPlayground.playground; sourceTree = "<group>"; };
		26EBDDFF1EBAF49200137E42 /* aaaa.png */ = {isa = PBXFileReference; lastKnownFileType = image.png; path = aaaa.png; sourceTree = "<group>"; };
		26EBDE011EBAFCA900137E42 /* bbbb.png */ = {isa = PBXFileReference; lastKnownFileType = image.png; path = bbbb.png; sourceTree = "<group>"; };
		26EBDE031EBAFF9D00137E42 /* cccc.png */ = {isa = PBXFileReference; lastKnownFileType = image.png; path = cccc.png; sourceTree = "<group>"; };
		26F41BF71EB0B70E00F4A929 /* SwiftSocketDemo-Bridging-Header.h */ = {isa = PBXFileReference; lastKnownFileType = sourcecode.c.h; path = "SwiftSocketDemo-Bridging-Header.h"; sourceTree = "<group>"; };
		26F41BF91EB0B70F00F4A929 /* amrFileCodec.h */ = {isa = PBXFileReference; fileEncoding = 4; lastKnownFileType = sourcecode.c.h; path = amrFileCodec.h; sourceTree = "<group>"; };
		26F41BFA1EB0B70F00F4A929 /* amrFileCodec.mm */ = {isa = PBXFileReference; fileEncoding = 4; lastKnownFileType = sourcecode.cpp.objcpp; path = amrFileCodec.mm; sourceTree = "<group>"; };
		26F41BFC1EB0B70F00F4A929 /* libopencore-amrnb.a */ = {isa = PBXFileReference; lastKnownFileType = archive.ar; path = "libopencore-amrnb.a"; sourceTree = "<group>"; };
		26F41BFD1EB0B70F00F4A929 /* libopencore-amrwb.a */ = {isa = PBXFileReference; lastKnownFileType = archive.ar; path = "libopencore-amrwb.a"; sourceTree = "<group>"; };
		26F41BFF1EB0B70F00F4A929 /* interf_dec.h */ = {isa = PBXFileReference; fileEncoding = 4; lastKnownFileType = sourcecode.c.h; path = interf_dec.h; sourceTree = "<group>"; };
		26F41C001EB0B70F00F4A929 /* interf_enc.h */ = {isa = PBXFileReference; fileEncoding = 4; lastKnownFileType = sourcecode.c.h; path = interf_enc.h; sourceTree = "<group>"; };
		26F41C021EB0B70F00F4A929 /* dec_if.h */ = {isa = PBXFileReference; fileEncoding = 4; lastKnownFileType = sourcecode.c.h; path = dec_if.h; sourceTree = "<group>"; };
		26F41C031EB0B70F00F4A929 /* if_rom.h */ = {isa = PBXFileReference; fileEncoding = 4; lastKnownFileType = sourcecode.c.h; path = if_rom.h; sourceTree = "<group>"; };
		26F41C041EB0B70F00F4A929 /* VoiceConverter.h */ = {isa = PBXFileReference; fileEncoding = 4; lastKnownFileType = sourcecode.c.h; path = VoiceConverter.h; sourceTree = "<group>"; };
		26F41C051EB0B70F00F4A929 /* VoiceConverter.mm */ = {isa = PBXFileReference; fileEncoding = 4; lastKnownFileType = sourcecode.cpp.objcpp; path = VoiceConverter.mm; sourceTree = "<group>"; };
		26F41C0A1EB0B73000F4A929 /* WavConvert.h */ = {isa = PBXFileReference; fileEncoding = 4; lastKnownFileType = sourcecode.c.h; path = WavConvert.h; sourceTree = "<group>"; };
		26F41C0B1EB0B73000F4A929 /* WavConvert.m */ = {isa = PBXFileReference; fileEncoding = 4; lastKnownFileType = sourcecode.c.objc; path = WavConvert.m; sourceTree = "<group>"; };
		26F41C0D1EB0B76400F4A929 /* AvdioTool.swift */ = {isa = PBXFileReference; fileEncoding = 4; lastKnownFileType = sourcecode.swift; path = AvdioTool.swift; sourceTree = "<group>"; };
/* End PBXFileReference section */

/* Begin PBXFrameworksBuildPhase section */
		26800E6B1EA8B9920048D8A7 /* Frameworks */ = {
			isa = PBXFrameworksBuildPhase;
			buildActionMask = 2147483647;
			files = (
				26800E991EA8BC960048D8A7 /* SwiftSocket.framework in Frameworks */,
				26F41C081EB0B70F00F4A929 /* libopencore-amrwb.a in Frameworks */,
				26F41C071EB0B70F00F4A929 /* libopencore-amrnb.a in Frameworks */,
			);
			runOnlyForDeploymentPostprocessing = 0;
		};
		26800E7F1EA8B9920048D8A7 /* Frameworks */ = {
			isa = PBXFrameworksBuildPhase;
			buildActionMask = 2147483647;
			files = (
			);
			runOnlyForDeploymentPostprocessing = 0;
		};
/* End PBXFrameworksBuildPhase section */

/* Begin PBXGroup section */
		26800E651EA8B9920048D8A7 = {
			isa = PBXGroup;
			children = (
				26800E981EA8BC960048D8A7 /* SwiftSocket.framework */,
				26800E701EA8B9920048D8A7 /* SwiftSocketDemo */,
				26800E851EA8B9920048D8A7 /* SwiftSocketDemoTests */,
				26800E6F1EA8B9920048D8A7 /* Products */,
			);
			sourceTree = "<group>";
		};
		26800E6F1EA8B9920048D8A7 /* Products */ = {
			isa = PBXGroup;
			children = (
				26800E6E1EA8B9920048D8A7 /* SwiftSocketDemo.app */,
				26800E821EA8B9920048D8A7 /* SwiftSocketDemoTests.xctest */,
			);
			name = Products;
			sourceTree = "<group>";
		};
		26800E701EA8B9920048D8A7 /* SwiftSocketDemo */ = {
			isa = PBXGroup;
			children = (
				26F41BF61EB0B6E900F4A929 /* voiceConvert */,
				26150CB11EAEE75E00F2B5BF /* DispatchQueue-Extension.swift */,
				26F41C0D1EB0B76400F4A929 /* AvdioTool.swift */,
				26800E711EA8B9920048D8A7 /* AppDelegate.swift */,
				26800E731EA8B9920048D8A7 /* ViewController.swift */,
				2657FDBF1EBA02F700B92648 /* SendAndReNew.swift */,
				26EBDDFE1EBAD28200137E42 /* MyPlayground.playground */,
				26150CB51EAF221900F2B5BF /* zdx.png */,
				26EBDE011EBAFCA900137E42 /* bbbb.png */,
				26EBDDFF1EBAF49200137E42 /* aaaa.png */,
				26EBDE031EBAFF9D00137E42 /* cccc.png */,
				26150CB31EAF213600F2B5BF /* wqwe.png */,
				26800E751EA8B9920048D8A7 /* Main.storyboard */,
				26150CB71EAF24EC00F2B5BF /* test.mp3 */,
				26800E781EA8B9920048D8A7 /* Assets.xcassets */,
				26150CAD1EAE1E1F00F2B5BF /* ooo.png */,
				26150CAF1EAE29B500F2B5BF /* thumb.png */,
				26800E7A1EA8B9920048D8A7 /* LaunchScreen.storyboard */,
				26800E7D1EA8B9920048D8A7 /* Info.plist */,
			);
			path = SwiftSocketDemo;
			sourceTree = "<group>";
		};
		26800E851EA8B9920048D8A7 /* SwiftSocketDemoTests */ = {
			isa = PBXGroup;
			children = (
				26800E861EA8B9920048D8A7 /* SwiftSocketDemoTests.swift */,
				26800E881EA8B9920048D8A7 /* Info.plist */,
			);
			path = SwiftSocketDemoTests;
			sourceTree = "<group>";
		};
		26F41BF61EB0B6E900F4A929 /* voiceConvert */ = {
			isa = PBXGroup;
			children = (
				26F41BF81EB0B70F00F4A929 /* amrwapper */,
				26F41BFB1EB0B70F00F4A929 /* lib */,
				26F41BFE1EB0B70F00F4A929 /* opencore-amrnb */,
				26F41C011EB0B70F00F4A929 /* opencore-amrwb */,
				26F41C041EB0B70F00F4A929 /* VoiceConverter.h */,
				26F41C051EB0B70F00F4A929 /* VoiceConverter.mm */,
				26F41BF71EB0B70E00F4A929 /* SwiftSocketDemo-Bridging-Header.h */,
				26F41C0A1EB0B73000F4A929 /* WavConvert.h */,
				26F41C0B1EB0B73000F4A929 /* WavConvert.m */,
			);
			name = voiceConvert;
			sourceTree = "<group>";
		};
		26F41BF81EB0B70F00F4A929 /* amrwapper */ = {
			isa = PBXGroup;
			children = (
				26F41BF91EB0B70F00F4A929 /* amrFileCodec.h */,
				26F41BFA1EB0B70F00F4A929 /* amrFileCodec.mm */,
			);
			path = amrwapper;
			sourceTree = "<group>";
		};
		26F41BFB1EB0B70F00F4A929 /* lib */ = {
			isa = PBXGroup;
			children = (
				26F41BFC1EB0B70F00F4A929 /* libopencore-amrnb.a */,
				26F41BFD1EB0B70F00F4A929 /* libopencore-amrwb.a */,
			);
			path = lib;
			sourceTree = "<group>";
		};
		26F41BFE1EB0B70F00F4A929 /* opencore-amrnb */ = {
			isa = PBXGroup;
			children = (
				26F41BFF1EB0B70F00F4A929 /* interf_dec.h */,
				26F41C001EB0B70F00F4A929 /* interf_enc.h */,
			);
			path = "opencore-amrnb";
			sourceTree = "<group>";
		};
		26F41C011EB0B70F00F4A929 /* opencore-amrwb */ = {
			isa = PBXGroup;
			children = (
				26F41C021EB0B70F00F4A929 /* dec_if.h */,
				26F41C031EB0B70F00F4A929 /* if_rom.h */,
			);
			path = "opencore-amrwb";
			sourceTree = "<group>";
		};
/* End PBXGroup section */

/* Begin PBXNativeTarget section */
		26800E6D1EA8B9920048D8A7 /* SwiftSocketDemo */ = {
			isa = PBXNativeTarget;
			buildConfigurationList = 26800E8B1EA8B9920048D8A7 /* Build configuration list for PBXNativeTarget "SwiftSocketDemo" */;
			buildPhases = (
				26800E6A1EA8B9920048D8A7 /* Sources */,
				26800E6B1EA8B9920048D8A7 /* Frameworks */,
				26800E6C1EA8B9920048D8A7 /* Resources */,
				26800E941EA8B9A50048D8A7 /* Embed Frameworks */,
			);
			buildRules = (
			);
			dependencies = (
			);
			name = SwiftSocketDemo;
			productName = SwiftSocketDemo;
			productReference = 26800E6E1EA8B9920048D8A7 /* SwiftSocketDemo.app */;
			productType = "com.apple.product-type.application";
		};
		26800E811EA8B9920048D8A7 /* SwiftSocketDemoTests */ = {
			isa = PBXNativeTarget;
			buildConfigurationList = 26800E8E1EA8B9920048D8A7 /* Build configuration list for PBXNativeTarget "SwiftSocketDemoTests" */;
			buildPhases = (
				26800E7E1EA8B9920048D8A7 /* Sources */,
				26800E7F1EA8B9920048D8A7 /* Frameworks */,
				26800E801EA8B9920048D8A7 /* Resources */,
			);
			buildRules = (
			);
			dependencies = (
				26800E841EA8B9920048D8A7 /* PBXTargetDependency */,
			);
			name = SwiftSocketDemoTests;
			productName = SwiftSocketDemoTests;
			productReference = 26800E821EA8B9920048D8A7 /* SwiftSocketDemoTests.xctest */;
			productType = "com.apple.product-type.bundle.unit-test";
		};
/* End PBXNativeTarget section */

/* Begin PBXProject section */
		26800E661EA8B9920048D8A7 /* Project object */ = {
			isa = PBXProject;
			attributes = {
				LastSwiftUpdateCheck = 0830;
				LastUpgradeCheck = 0830;
				ORGANIZATIONNAME = "郑东喜";
				TargetAttributes = {
					26800E6D1EA8B9920048D8A7 = {
						CreatedOnToolsVersion = 8.3.1;
						DevelopmentTeam = E38L2YCTY3;
						LastSwiftMigration = 0830;
						ProvisioningStyle = Automatic;
					};
					26800E811EA8B9920048D8A7 = {
						CreatedOnToolsVersion = 8.3.1;
						DevelopmentTeam = E38L2YCTY3;
						ProvisioningStyle = Automatic;
						TestTargetID = 26800E6D1EA8B9920048D8A7;
					};
				};
			};
			buildConfigurationList = 26800E691EA8B9920048D8A7 /* Build configuration list for PBXProject "SwiftSocketDemo" */;
			compatibilityVersion = "Xcode 3.2";
			developmentRegion = English;
			hasScannedForEncodings = 0;
			knownRegions = (
				en,
				Base,
			);
			mainGroup = 26800E651EA8B9920048D8A7;
			productRefGroup = 26800E6F1EA8B9920048D8A7 /* Products */;
			projectDirPath = "";
			projectRoot = "";
			targets = (
				26800E6D1EA8B9920048D8A7 /* SwiftSocketDemo */,
				26800E811EA8B9920048D8A7 /* SwiftSocketDemoTests */,
			);
		};
/* End PBXProject section */

/* Begin PBXResourcesBuildPhase section */
		26800E6C1EA8B9920048D8A7 /* Resources */ = {
			isa = PBXResourcesBuildPhase;
			buildActionMask = 2147483647;
			files = (
				26150CB01EAE29B500F2B5BF /* thumb.png in Resources */,
				26EBDE021EBAFCA900137E42 /* bbbb.png in Resources */,
				26800E7C1EA8B9920048D8A7 /* LaunchScreen.storyboard in Resources */,
				26EBDE001EBAF49200137E42 /* aaaa.png in Resources */,
				26800E791EA8B9920048D8A7 /* Assets.xcassets in Resources */,
				26150CAE1EAE1E1F00F2B5BF /* ooo.png in Resources */,
				26800E771EA8B9920048D8A7 /* Main.storyboard in Resources */,
				26EBDE041EBAFF9D00137E42 /* cccc.png in Resources */,
				26150CB41EAF213600F2B5BF /* wqwe.png in Resources */,
				26150CB81EAF24EC00F2B5BF /* test.mp3 in Resources */,
				26150CB61EAF221900F2B5BF /* zdx.png in Resources */,
			);
			runOnlyForDeploymentPostprocessing = 0;
		};
		26800E801EA8B9920048D8A7 /* Resources */ = {
			isa = PBXResourcesBuildPhase;
			buildActionMask = 2147483647;
			files = (
			);
			runOnlyForDeploymentPostprocessing = 0;
		};
/* End PBXResourcesBuildPhase section */

/* Begin PBXSourcesBuildPhase section */
		26800E6A1EA8B9920048D8A7 /* Sources */ = {
			isa = PBXSourcesBuildPhase;
			buildActionMask = 2147483647;
			files = (
				26F41C091EB0B70F00F4A929 /* VoiceConverter.mm in Sources */,
				26F41C0E1EB0B76400F4A929 /* AvdioTool.swift in Sources */,
				26800E741EA8B9920048D8A7 /* ViewController.swift in Sources */,
				2657FDC01EBA02F700B92648 /* SendAndReNew.swift in Sources */,
				26F41C061EB0B70F00F4A929 /* amrFileCodec.mm in Sources */,
				26800E721EA8B9920048D8A7 /* AppDelegate.swift in Sources */,
				26F41C0C1EB0B73000F4A929 /* WavConvert.m in Sources */,
				26150CB21EAEE75E00F2B5BF /* DispatchQueue-Extension.swift in Sources */,
			);
			runOnlyForDeploymentPostprocessing = 0;
		};
		26800E7E1EA8B9920048D8A7 /* Sources */ = {
			isa = PBXSourcesBuildPhase;
			buildActionMask = 2147483647;
			files = (
				26800E871EA8B9920048D8A7 /* SwiftSocketDemoTests.swift in Sources */,
			);
			runOnlyForDeploymentPostprocessing = 0;
		};
/* End PBXSourcesBuildPhase section */

/* Begin PBXTargetDependency section */
		26800E841EA8B9920048D8A7 /* PBXTargetDependency */ = {
			isa = PBXTargetDependency;
			target = 26800E6D1EA8B9920048D8A7 /* SwiftSocketDemo */;
			targetProxy = 26800E831EA8B9920048D8A7 /* PBXContainerItemProxy */;
		};
/* End PBXTargetDependency section */

/* Begin PBXVariantGroup section */
		26800E751EA8B9920048D8A7 /* Main.storyboard */ = {
			isa = PBXVariantGroup;
			children = (
				26800E761EA8B9920048D8A7 /* Base */,
			);
			name = Main.storyboard;
			sourceTree = "<group>";
		};
		26800E7A1EA8B9920048D8A7 /* LaunchScreen.storyboard */ = {
			isa = PBXVariantGroup;
			children = (
				26800E7B1EA8B9920048D8A7 /* Base */,
			);
			name = LaunchScreen.storyboard;
			sourceTree = "<group>";
		};
/* End PBXVariantGroup section */

/* Begin XCBuildConfiguration section */
		26800E891EA8B9920048D8A7 /* Debug */ = {
			isa = XCBuildConfiguration;
			buildSettings = {
				ALWAYS_SEARCH_USER_PATHS = NO;
				CLANG_ANALYZER_NONNULL = YES;
				CLANG_ANALYZER_NUMBER_OBJECT_CONVERSION = YES_AGGRESSIVE;
				CLANG_CXX_LANGUAGE_STANDARD = "gnu++0x";
				CLANG_CXX_LIBRARY = "libc++";
				CLANG_ENABLE_MODULES = YES;
				CLANG_ENABLE_OBJC_ARC = YES;
				CLANG_WARN_BOOL_CONVERSION = YES;
				CLANG_WARN_CONSTANT_CONVERSION = YES;
				CLANG_WARN_DIRECT_OBJC_ISA_USAGE = YES_ERROR;
				CLANG_WARN_DOCUMENTATION_COMMENTS = YES;
				CLANG_WARN_EMPTY_BODY = YES;
				CLANG_WARN_ENUM_CONVERSION = YES;
				CLANG_WARN_INFINITE_RECURSION = YES;
				CLANG_WARN_INT_CONVERSION = YES;
				CLANG_WARN_OBJC_ROOT_CLASS = YES_ERROR;
				CLANG_WARN_SUSPICIOUS_MOVE = YES;
				CLANG_WARN_UNREACHABLE_CODE = YES;
				CLANG_WARN__DUPLICATE_METHOD_MATCH = YES;
				"CODE_SIGN_IDENTITY[sdk=iphoneos*]" = "iPhone Developer";
				COPY_PHASE_STRIP = NO;
				DEBUG_INFORMATION_FORMAT = dwarf;
				ENABLE_STRICT_OBJC_MSGSEND = YES;
				ENABLE_TESTABILITY = YES;
				GCC_C_LANGUAGE_STANDARD = gnu99;
				GCC_DYNAMIC_NO_PIC = NO;
				GCC_NO_COMMON_BLOCKS = YES;
				GCC_OPTIMIZATION_LEVEL = 0;
				GCC_PREPROCESSOR_DEFINITIONS = (
					"DEBUG=1",
					"$(inherited)",
				);
				GCC_WARN_64_TO_32_BIT_CONVERSION = YES;
				GCC_WARN_ABOUT_RETURN_TYPE = YES_ERROR;
				GCC_WARN_UNDECLARED_SELECTOR = YES;
				GCC_WARN_UNINITIALIZED_AUTOS = YES_AGGRESSIVE;
				GCC_WARN_UNUSED_FUNCTION = YES;
				GCC_WARN_UNUSED_VARIABLE = YES;
				IPHONEOS_DEPLOYMENT_TARGET = 8.0;
				MTL_ENABLE_DEBUG_INFO = YES;
				ONLY_ACTIVE_ARCH = YES;
				SDKROOT = iphoneos;
				SWIFT_ACTIVE_COMPILATION_CONDITIONS = DEBUG;
				SWIFT_OPTIMIZATION_LEVEL = "-Onone";
				TARGETED_DEVICE_FAMILY = "1,2";
			};
			name = Debug;
		};
		26800E8A1EA8B9920048D8A7 /* Release */ = {
			isa = XCBuildConfiguration;
			buildSettings = {
				ALWAYS_SEARCH_USER_PATHS = NO;
				CLANG_ANALYZER_NONNULL = YES;
				CLANG_ANALYZER_NUMBER_OBJECT_CONVERSION = YES_AGGRESSIVE;
				CLANG_CXX_LANGUAGE_STANDARD = "gnu++0x";
				CLANG_CXX_LIBRARY = "libc++";
				CLANG_ENABLE_MODULES = YES;
				CLANG_ENABLE_OBJC_ARC = YES;
				CLANG_WARN_BOOL_CONVERSION = YES;
				CLANG_WARN_CONSTANT_CONVERSION = YES;
				CLANG_WARN_DIRECT_OBJC_ISA_USAGE = YES_ERROR;
				CLANG_WARN_DOCUMENTATION_COMMENTS = YES;
				CLANG_WARN_EMPTY_BODY = YES;
				CLANG_WARN_ENUM_CONVERSION = YES;
				CLANG_WARN_INFINITE_RECURSION = YES;
				CLANG_WARN_INT_CONVERSION = YES;
				CLANG_WARN_OBJC_ROOT_CLASS = YES_ERROR;
				CLANG_WARN_SUSPICIOUS_MOVE = YES;
				CLANG_WARN_UNREACHABLE_CODE = YES;
				CLANG_WARN__DUPLICATE_METHOD_MATCH = YES;
				"CODE_SIGN_IDENTITY[sdk=iphoneos*]" = "iPhone Developer";
				COPY_PHASE_STRIP = NO;
				DEBUG_INFORMATION_FORMAT = "dwarf-with-dsym";
				ENABLE_NS_ASSERTIONS = NO;
				ENABLE_STRICT_OBJC_MSGSEND = YES;
				GCC_C_LANGUAGE_STANDARD = gnu99;
				GCC_NO_COMMON_BLOCKS = YES;
				GCC_WARN_64_TO_32_BIT_CONVERSION = YES;
				GCC_WARN_ABOUT_RETURN_TYPE = YES_ERROR;
				GCC_WARN_UNDECLARED_SELECTOR = YES;
				GCC_WARN_UNINITIALIZED_AUTOS = YES_AGGRESSIVE;
				GCC_WARN_UNUSED_FUNCTION = YES;
				GCC_WARN_UNUSED_VARIABLE = YES;
				IPHONEOS_DEPLOYMENT_TARGET = 8.0;
				MTL_ENABLE_DEBUG_INFO = NO;
				SDKROOT = iphoneos;
				SWIFT_OPTIMIZATION_LEVEL = "-Owholemodule";
				TARGETED_DEVICE_FAMILY = "1,2";
				VALIDATE_PRODUCT = YES;
			};
			name = Release;
		};
		26800E8C1EA8B9920048D8A7 /* Debug */ = {
			isa = XCBuildConfiguration;
			buildSettings = {
				ASSETCATALOG_COMPILER_APPICON_NAME = AppIcon;
				CLANG_ENABLE_MODULES = YES;
				DEVELOPMENT_TEAM = E38L2YCTY3;
				ENABLE_BITCODE = NO;
				FRAMEWORK_SEARCH_PATHS = (
					"$(inherited)",
					"$(PROJECT_DIR)",
				);
				INFOPLIST_FILE = SwiftSocketDemo/Info.plist;
				LD_RUNPATH_SEARCH_PATHS = "$(inherited) @executable_path/Frameworks";
				LIBRARY_SEARCH_PATHS = (
					"$(inherited)",
					"$(PROJECT_DIR)/SwiftSocketDemo/lib",
				);
				PRODUCT_BUNDLE_IDENTIFIER = com.zdx.SwiftSocketDemo;
				PRODUCT_NAME = "$(TARGET_NAME)";
				SWIFT_OBJC_BRIDGING_HEADER = "SwiftSocketDemo/SwiftSocketDemo-Bridging-Header.h";
				SWIFT_OPTIMIZATION_LEVEL = "-Onone";
				SWIFT_VERSION = 3.0;
			};
			name = Debug;
		};
		26800E8D1EA8B9920048D8A7 /* Release */ = {
			isa = XCBuildConfiguration;
			buildSettings = {
				ASSETCATALOG_COMPILER_APPICON_NAME = AppIcon;
				CLANG_ENABLE_MODULES = YES;
				DEVELOPMENT_TEAM = E38L2YCTY3;
				ENABLE_BITCODE = NO;
				FRAMEWORK_SEARCH_PATHS = (
					"$(inherited)",
					"$(PROJECT_DIR)",
				);
				INFOPLIST_FILE = SwiftSocketDemo/Info.plist;
				LD_RUNPATH_SEARCH_PATHS = "$(inherited) @executable_path/Frameworks";
				LIBRARY_SEARCH_PATHS = (
					"$(inherited)",
					"$(PROJECT_DIR)/SwiftSocketDemo/lib",
				);
				PRODUCT_BUNDLE_IDENTIFIER = com.zdx.SwiftSocketDemo;
				PRODUCT_NAME = "$(TARGET_NAME)";
				SWIFT_OBJC_BRIDGING_HEADER = "SwiftSocketDemo/SwiftSocketDemo-Bridging-Header.h";
				SWIFT_VERSION = 3.0;
			};
			name = Release;
		};
		26800E8F1EA8B9920048D8A7 /* Debug */ = {
			isa = XCBuildConfiguration;
			buildSettings = {
				ALWAYS_EMBED_SWIFT_STANDARD_LIBRARIES = YES;
				BUNDLE_LOADER = "$(TEST_HOST)";
				DEVELOPMENT_TEAM = E38L2YCTY3;
				INFOPLIST_FILE = SwiftSocketDemoTests/Info.plist;
				LD_RUNPATH_SEARCH_PATHS = "$(inherited) @executable_path/Frameworks @loader_path/Frameworks";
				PRODUCT_BUNDLE_IDENTIFIER = com.zdx.SwiftSocketDemoTests;
				PRODUCT_NAME = "$(TARGET_NAME)";
				SWIFT_VERSION = 3.0;
				TEST_HOST = "$(BUILT_PRODUCTS_DIR)/SwiftSocketDemo.app/SwiftSocketDemo";
			};
			name = Debug;
		};
		26800E901EA8B9920048D8A7 /* Release */ = {
			isa = XCBuildConfiguration;
			buildSettings = {
				ALWAYS_EMBED_SWIFT_STANDARD_LIBRARIES = YES;
				BUNDLE_LOADER = "$(TEST_HOST)";
				DEVELOPMENT_TEAM = E38L2YCTY3;
				INFOPLIST_FILE = SwiftSocketDemoTests/Info.plist;
				LD_RUNPATH_SEARCH_PATHS = "$(inherited) @executable_path/Frameworks @loader_path/Frameworks";
				PRODUCT_BUNDLE_IDENTIFIER = com.zdx.SwiftSocketDemoTests;
				PRODUCT_NAME = "$(TARGET_NAME)";
				SWIFT_VERSION = 3.0;
				TEST_HOST = "$(BUILT_PRODUCTS_DIR)/SwiftSocketDemo.app/SwiftSocketDemo";
			};
			name = Release;
		};
/* End XCBuildConfiguration section */

/* Begin XCConfigurationList section */
		26800E691EA8B9920048D8A7 /* Build configuration list for PBXProject "SwiftSocketDemo" */ = {
			isa = XCConfigurationList;
			buildConfigurations = (
				26800E891EA8B9920048D8A7 /* Debug */,
				26800E8A1EA8B9920048D8A7 /* Release */,
			);
			defaultConfigurationIsVisible = 0;
			defaultConfigurationName = Release;
		};
		26800E8B1EA8B9920048D8A7 /* Build configuration list for PBXNativeTarget "SwiftSocketDemo" */ = {
			isa = XCConfigurationList;
			buildConfigurations = (
				26800E8C1EA8B9920048D8A7 /* Debug */,
				26800E8D1EA8B9920048D8A7 /* Release */,
			);
			defaultConfigurationIsVisible = 0;
			defaultConfigurationName = Release;
		};
		26800E8E1EA8B9920048D8A7 /* Build configuration list for PBXNativeTarget "SwiftSocketDemoTests" */ = {
			isa = XCConfigurationList;
			buildConfigurations = (
				26800E8F1EA8B9920048D8A7 /* Debug */,
				26800E901EA8B9920048D8A7 /* Release */,
			);
			defaultConfigurationIsVisible = 0;
			defaultConfigurationName = Release;
		};
/* End XCConfigurationList section */
	};
	rootObject = 26800E661EA8B9920048D8A7 /* Project object */;
}
